// !$*UTF8*$!
{
	archiveVersion = 1;
	classes = {
	};
	objectVersion = 50;
	objects = {

/* Begin PBXBuildFile section */
		6BB147B72102F18100AB2D24 /* AppDelegate.swift in Sources */ = {isa = PBXBuildFile; fileRef = 6BB147B62102F18100AB2D24 /* AppDelegate.swift */; };
		6BB147B92102F18100AB2D24 /* ViewController.swift in Sources */ = {isa = PBXBuildFile; fileRef = 6BB147B82102F18100AB2D24 /* ViewController.swift */; };
		6BB147BC2102F18100AB2D24 /* Main.storyboard in Resources */ = {isa = PBXBuildFile; fileRef = 6BB147BA2102F18100AB2D24 /* Main.storyboard */; };
		6BB147BE2102F18200AB2D24 /* Assets.xcassets in Resources */ = {isa = PBXBuildFile; fileRef = 6BB147BD2102F18200AB2D24 /* Assets.xcassets */; };
		6BB147C12102F18200AB2D24 /* LaunchScreen.storyboard in Resources */ = {isa = PBXBuildFile; fileRef = 6BB147BF2102F18200AB2D24 /* LaunchScreen.storyboard */; };
		6BB1483D210C4B8A00AB2D24 /* Entry.swift in Sources */ = {isa = PBXBuildFile; fileRef = 6BB1483C210C4B8A00AB2D24 /* Entry.swift */; };
		6BB1483F210C521B00AB2D24 /* InMemoryJournal.swift in Sources */ = {isa = PBXBuildFile; fileRef = 6BB1483E210C521B00AB2D24 /* InMemoryJournal.swift */; };
		6BB14847210C57DD00AB2D24 /* JournalTests.swift in Sources */ = {isa = PBXBuildFile; fileRef = 6BB14846210C57DD00AB2D24 /* JournalTests.swift */; };
		6BEB3A79210F19ED0089DCEA /* Journal.swift in Sources */ = {isa = PBXBuildFile; fileRef = 6BEB3A78210F19ED0089DCEA /* Journal.swift */; };
		6BEB3B04211540B10089DCEA /* Identifiable.swift in Sources */ = {isa = PBXBuildFile; fileRef = 6BEB3B03211540B10089DCEA /* Identifiable.swift */; };
		85D71BBC9497D2424E9DC5BE /* Pods_JournalTests.framework in Frameworks */ = {isa = PBXBuildFile; fileRef = 0B8C15200147212BC268FBA0 /* Pods_JournalTests.framework */; };
		ED58EDC3964DE212BE43C9C0 /* Pods_Journal.framework in Frameworks */ = {isa = PBXBuildFile; fileRef = 9F3BD044E475FBC28E71EA7B /* Pods_Journal.framework */; };
/* End PBXBuildFile section */

/* Begin PBXContainerItemProxy section */
		6BB14849210C57DD00AB2D24 /* PBXContainerItemProxy */ = {
			isa = PBXContainerItemProxy;
			containerPortal = 6BB147AB2102F18100AB2D24 /* Project object */;
			proxyType = 1;
			remoteGlobalIDString = 6BB147B22102F18100AB2D24;
			remoteInfo = Journal;
		};
/* End PBXContainerItemProxy section */

/* Begin PBXFileReference section */
		0B8C15200147212BC268FBA0 /* Pods_JournalTests.framework */ = {isa = PBXFileReference; explicitFileType = wrapper.framework; includeInIndex = 0; path = Pods_JournalTests.framework; sourceTree = BUILT_PRODUCTS_DIR; };
		595175FD3AA7A6FD932F4249 /* Pods-JournalTests.debug.xcconfig */ = {isa = PBXFileReference; includeInIndex = 1; lastKnownFileType = text.xcconfig; name = "Pods-JournalTests.debug.xcconfig"; path = "Pods/Target Support Files/Pods-JournalTests/Pods-JournalTests.debug.xcconfig"; sourceTree = "<group>"; };
		6BB147B32102F18100AB2D24 /* Journal.app */ = {isa = PBXFileReference; explicitFileType = wrapper.application; includeInIndex = 0; path = Journal.app; sourceTree = BUILT_PRODUCTS_DIR; };
		6BB147B62102F18100AB2D24 /* AppDelegate.swift */ = {isa = PBXFileReference; lastKnownFileType = sourcecode.swift; path = AppDelegate.swift; sourceTree = "<group>"; };
		6BB147B82102F18100AB2D24 /* ViewController.swift */ = {isa = PBXFileReference; lastKnownFileType = sourcecode.swift; path = ViewController.swift; sourceTree = "<group>"; };
		6BB147BB2102F18100AB2D24 /* Base */ = {isa = PBXFileReference; lastKnownFileType = file.storyboard; name = Base; path = Base.lproj/Main.storyboard; sourceTree = "<group>"; };
		6BB147BD2102F18200AB2D24 /* Assets.xcassets */ = {isa = PBXFileReference; lastKnownFileType = folder.assetcatalog; path = Assets.xcassets; sourceTree = "<group>"; };
		6BB147C02102F18200AB2D24 /* Base */ = {isa = PBXFileReference; lastKnownFileType = file.storyboard; name = Base; path = Base.lproj/LaunchScreen.storyboard; sourceTree = "<group>"; };
		6BB147C22102F18200AB2D24 /* Info.plist */ = {isa = PBXFileReference; lastKnownFileType = text.plist.xml; path = Info.plist; sourceTree = "<group>"; };
		6BB1483C210C4B8A00AB2D24 /* Entry.swift */ = {isa = PBXFileReference; lastKnownFileType = sourcecode.swift; path = Entry.swift; sourceTree = "<group>"; };
		6BB1483E210C521B00AB2D24 /* InMemoryJournal.swift */ = {isa = PBXFileReference; lastKnownFileType = sourcecode.swift; path = InMemoryJournal.swift; sourceTree = "<group>"; };
		6BB14844210C57DD00AB2D24 /* JournalTests.xctest */ = {isa = PBXFileReference; explicitFileType = wrapper.cfbundle; includeInIndex = 0; path = JournalTests.xctest; sourceTree = BUILT_PRODUCTS_DIR; };
		6BB14846210C57DD00AB2D24 /* JournalTests.swift */ = {isa = PBXFileReference; lastKnownFileType = sourcecode.swift; path = JournalTests.swift; sourceTree = "<group>"; };
		6BB14848210C57DD00AB2D24 /* Info.plist */ = {isa = PBXFileReference; lastKnownFileType = text.plist.xml; path = Info.plist; sourceTree = "<group>"; };
		6BEB3A78210F19ED0089DCEA /* Journal.swift */ = {isa = PBXFileReference; lastKnownFileType = sourcecode.swift; path = Journal.swift; sourceTree = "<group>"; };
		6BEB3B03211540B10089DCEA /* Identifiable.swift */ = {isa = PBXFileReference; lastKnownFileType = sourcecode.swift; path = Identifiable.swift; sourceTree = "<group>"; };
		7E246AB27394D68B9BA95768 /* Pods-Journal.release.xcconfig */ = {isa = PBXFileReference; includeInIndex = 1; lastKnownFileType = text.xcconfig; name = "Pods-Journal.release.xcconfig"; path = "Pods/Target Support Files/Pods-Journal/Pods-Journal.release.xcconfig"; sourceTree = "<group>"; };
		99A0BA152B0C3EFDF753A1EE /* Pods-Journal.debug.xcconfig */ = {isa = PBXFileReference; includeInIndex = 1; lastKnownFileType = text.xcconfig; name = "Pods-Journal.debug.xcconfig"; path = "Pods/Target Support Files/Pods-Journal/Pods-Journal.debug.xcconfig"; sourceTree = "<group>"; };
		9F3BD044E475FBC28E71EA7B /* Pods_Journal.framework */ = {isa = PBXFileReference; explicitFileType = wrapper.framework; includeInIndex = 0; path = Pods_Journal.framework; sourceTree = BUILT_PRODUCTS_DIR; };
		E0DD2EADA9718BC76C371FE7 /* Pods-JournalTests.release.xcconfig */ = {isa = PBXFileReference; includeInIndex = 1; lastKnownFileType = text.xcconfig; name = "Pods-JournalTests.release.xcconfig"; path = "Pods/Target Support Files/Pods-JournalTests/Pods-JournalTests.release.xcconfig"; sourceTree = "<group>"; };
/* End PBXFileReference section */

/* Begin PBXFrameworksBuildPhase section */
		6BB147B02102F18100AB2D24 /* Frameworks */ = {
			isa = PBXFrameworksBuildPhase;
			buildActionMask = 2147483647;
			files = (
				ED58EDC3964DE212BE43C9C0 /* Pods_Journal.framework in Frameworks */,
			);
			runOnlyForDeploymentPostprocessing = 0;
		};
		6BB14841210C57DD00AB2D24 /* Frameworks */ = {
			isa = PBXFrameworksBuildPhase;
			buildActionMask = 2147483647;
			files = (
				85D71BBC9497D2424E9DC5BE /* Pods_JournalTests.framework in Frameworks */,
			);
			runOnlyForDeploymentPostprocessing = 0;
		};
/* End PBXFrameworksBuildPhase section */

/* Begin PBXGroup section */
		4C4D5BE1334C71FBC946F720 /* Frameworks */ = {
			isa = PBXGroup;
			children = (
				9F3BD044E475FBC28E71EA7B /* Pods_Journal.framework */,
				0B8C15200147212BC268FBA0 /* Pods_JournalTests.framework */,
			);
			name = Frameworks;
			sourceTree = "<group>";
		};
		6BB147AA2102F18100AB2D24 = {
			isa = PBXGroup;
			children = (
				6BB147B52102F18100AB2D24 /* Journal */,
				6BB14845210C57DD00AB2D24 /* JournalTests */,
				6BB147B42102F18100AB2D24 /* Products */,
				ADC465149D54C3F1A4706AF9 /* Pods */,
				4C4D5BE1334C71FBC946F720 /* Frameworks */,
			);
			sourceTree = "<group>";
		};
		6BB147B42102F18100AB2D24 /* Products */ = {
			isa = PBXGroup;
			children = (
				6BB147B32102F18100AB2D24 /* Journal.app */,
				6BB14844210C57DD00AB2D24 /* JournalTests.xctest */,
			);
			name = Products;
			sourceTree = "<group>";
		};
		6BB147B52102F18100AB2D24 /* Journal */ = {
			isa = PBXGroup;
			children = (
				6BB147C9210304A700AB2D24 /* Sources */,
				6BB147C82103049800AB2D24 /* Storyboards */,
				6BB147CA210304E000AB2D24 /* Resources */,
			);
			path = Journal;
			sourceTree = "<group>";
		};
		6BB147C82103049800AB2D24 /* Storyboards */ = {
			isa = PBXGroup;
			children = (
				6BB147BA2102F18100AB2D24 /* Main.storyboard */,
				6BB147BF2102F18200AB2D24 /* LaunchScreen.storyboard */,
			);
			path = Storyboards;
			sourceTree = "<group>";
		};
		6BB147C9210304A700AB2D24 /* Sources */ = {
			isa = PBXGroup;
			children = (
				6BB1483B210C4B5C00AB2D24 /* Model */,
				6BB147CC2103051300AB2D24 /* Common */,
				6BB147CB210304F800AB2D24 /* Controllers */,
			);
			path = Sources;
			sourceTree = "<group>";
		};
		6BB147CA210304E000AB2D24 /* Resources */ = {
			isa = PBXGroup;
			children = (
				6BB147C22102F18200AB2D24 /* Info.plist */,
				6BB147BD2102F18200AB2D24 /* Assets.xcassets */,
			);
			path = Resources;
			sourceTree = "<group>";
		};
		6BB147CB210304F800AB2D24 /* Controllers */ = {
			isa = PBXGroup;
			children = (
				6BB147B82102F18100AB2D24 /* ViewController.swift */,
			);
			path = Controllers;
			sourceTree = "<group>";
		};
		6BB147CC2103051300AB2D24 /* Common */ = {
			isa = PBXGroup;
			children = (
				6BB147B62102F18100AB2D24 /* AppDelegate.swift */,
				6BEB3B03211540B10089DCEA /* Identifiable.swift */,
			);
			path = Common;
			sourceTree = "<group>";
		};
		6BB1483B210C4B5C00AB2D24 /* Model */ = {
			isa = PBXGroup;
			children = (
				6BB1483C210C4B8A00AB2D24 /* Entry.swift */,
				6BB1483E210C521B00AB2D24 /* InMemoryJournal.swift */,
				6BEB3A78210F19ED0089DCEA /* Journal.swift */,
			);
			path = Model;
			sourceTree = "<group>";
		};
		6BB14845210C57DD00AB2D24 /* JournalTests */ = {
			isa = PBXGroup;
			children = (
				6BB14846210C57DD00AB2D24 /* JournalTests.swift */,
				6BB14848210C57DD00AB2D24 /* Info.plist */,
			);
			path = JournalTests;
			sourceTree = "<group>";
		};
		ADC465149D54C3F1A4706AF9 /* Pods */ = {
			isa = PBXGroup;
			children = (
				99A0BA152B0C3EFDF753A1EE /* Pods-Journal.debug.xcconfig */,
				7E246AB27394D68B9BA95768 /* Pods-Journal.release.xcconfig */,
				595175FD3AA7A6FD932F4249 /* Pods-JournalTests.debug.xcconfig */,
				E0DD2EADA9718BC76C371FE7 /* Pods-JournalTests.release.xcconfig */,
			);
			name = Pods;
			sourceTree = "<group>";
		};
/* End PBXGroup section */

/* Begin PBXNativeTarget section */
		6BB147B22102F18100AB2D24 /* Journal */ = {
			isa = PBXNativeTarget;
			buildConfigurationList = 6BB147C52102F18200AB2D24 /* Build configuration list for PBXNativeTarget "Journal" */;
			buildPhases = (
				87AFBFBAC079A45668AD11C6 /* [CP] Check Pods Manifest.lock */,
				6BB147AF2102F18100AB2D24 /* Sources */,
				6BB147B02102F18100AB2D24 /* Frameworks */,
				6BB147B12102F18100AB2D24 /* Resources */,
				3B4D192A8DBD6F6425BF4171 /* [CP] Embed Pods Frameworks */,
			);
			buildRules = (
			);
			dependencies = (
			);
			name = Journal;
			productName = Journal;
			productReference = 6BB147B32102F18100AB2D24 /* Journal.app */;
			productType = "com.apple.product-type.application";
		};
		6BB14843210C57DD00AB2D24 /* JournalTests */ = {
			isa = PBXNativeTarget;
			buildConfigurationList = 6BB1484B210C57DD00AB2D24 /* Build configuration list for PBXNativeTarget "JournalTests" */;
			buildPhases = (
				9E32BE392C4E09F7E068B8B8 /* [CP] Check Pods Manifest.lock */,
				6BB14840210C57DD00AB2D24 /* Sources */,
				6BB14841210C57DD00AB2D24 /* Frameworks */,
				6BB14842210C57DD00AB2D24 /* Resources */,
				C55335189B5CE5FFEB70B9A4 /* [CP] Embed Pods Frameworks */,
			);
			buildRules = (
			);
			dependencies = (
				6BB1484A210C57DD00AB2D24 /* PBXTargetDependency */,
			);
			name = JournalTests;
			productName = JournalTests;
			productReference = 6BB14844210C57DD00AB2D24 /* JournalTests.xctest */;
			productType = "com.apple.product-type.bundle.unit-test";
		};
/* End PBXNativeTarget section */

/* Begin PBXProject section */
		6BB147AB2102F18100AB2D24 /* Project object */ = {
			isa = PBXProject;
			attributes = {
				LastSwiftUpdateCheck = 0940;
				LastUpgradeCheck = 0940;
				ORGANIZATIONNAME = "Bum Jun Kwon";
				TargetAttributes = {
					6BB147B22102F18100AB2D24 = {
						CreatedOnToolsVersion = 9.4.1;
					};
					6BB14843210C57DD00AB2D24 = {
						CreatedOnToolsVersion = 9.4.1;
						TestTargetID = 6BB147B22102F18100AB2D24;
					};
				};
			};
			buildConfigurationList = 6BB147AE2102F18100AB2D24 /* Build configuration list for PBXProject "Journal" */;
			compatibilityVersion = "Xcode 9.3";
			developmentRegion = en;
			hasScannedForEncodings = 0;
			knownRegions = (
				en,
				Base,
			);
			mainGroup = 6BB147AA2102F18100AB2D24;
			productRefGroup = 6BB147B42102F18100AB2D24 /* Products */;
			projectDirPath = "";
			projectRoot = "";
			targets = (
				6BB147B22102F18100AB2D24 /* Journal */,
				6BB14843210C57DD00AB2D24 /* JournalTests */,
			);
		};
/* End PBXProject section */

/* Begin PBXResourcesBuildPhase section */
		6BB147B12102F18100AB2D24 /* Resources */ = {
			isa = PBXResourcesBuildPhase;
			buildActionMask = 2147483647;
			files = (
				6BB147C12102F18200AB2D24 /* LaunchScreen.storyboard in Resources */,
				6BB147BE2102F18200AB2D24 /* Assets.xcassets in Resources */,
				6BB147BC2102F18100AB2D24 /* Main.storyboard in Resources */,
			);
			runOnlyForDeploymentPostprocessing = 0;
		};
		6BB14842210C57DD00AB2D24 /* Resources */ = {
			isa = PBXResourcesBuildPhase;
			buildActionMask = 2147483647;
			files = (
			);
			runOnlyForDeploymentPostprocessing = 0;
		};
/* End PBXResourcesBuildPhase section */

/* Begin PBXShellScriptBuildPhase section */
		3B4D192A8DBD6F6425BF4171 /* [CP] Embed Pods Frameworks */ = {
			isa = PBXShellScriptBuildPhase;
			buildActionMask = 2147483647;
			files = (
			);
			inputPaths = (
				"${SRCROOT}/Pods/Target Support Files/Pods-Journal/Pods-Journal-frameworks.sh",
				"${BUILT_PRODUCTS_DIR}/SnapKit/SnapKit.framework",
			);
			name = "[CP] Embed Pods Frameworks";
			outputPaths = (
				"${TARGET_BUILD_DIR}/${FRAMEWORKS_FOLDER_PATH}/SnapKit.framework",
			);
			runOnlyForDeploymentPostprocessing = 0;
			shellPath = /bin/sh;
			shellScript = "\"${SRCROOT}/Pods/Target Support Files/Pods-Journal/Pods-Journal-frameworks.sh\"\n";
			showEnvVarsInLog = 0;
		};
		87AFBFBAC079A45668AD11C6 /* [CP] Check Pods Manifest.lock */ = {
			isa = PBXShellScriptBuildPhase;
			buildActionMask = 2147483647;
			files = (
			);
			inputPaths = (
				"${PODS_PODFILE_DIR_PATH}/Podfile.lock",
				"${PODS_ROOT}/Manifest.lock",
			);
			name = "[CP] Check Pods Manifest.lock";
			outputPaths = (
				"$(DERIVED_FILE_DIR)/Pods-Journal-checkManifestLockResult.txt",
			);
			runOnlyForDeploymentPostprocessing = 0;
			shellPath = /bin/sh;
			shellScript = "diff \"${PODS_PODFILE_DIR_PATH}/Podfile.lock\" \"${PODS_ROOT}/Manifest.lock\" > /dev/null\nif [ $? != 0 ] ; then\n    # print error to STDERR\n    echo \"error: The sandbox is not in sync with the Podfile.lock. Run 'pod install' or update your CocoaPods installation.\" >&2\n    exit 1\nfi\n# This output is used by Xcode 'outputs' to avoid re-running this script phase.\necho \"SUCCESS\" > \"${SCRIPT_OUTPUT_FILE_0}\"\n";
			showEnvVarsInLog = 0;
		};
		9E32BE392C4E09F7E068B8B8 /* [CP] Check Pods Manifest.lock */ = {
			isa = PBXShellScriptBuildPhase;
			buildActionMask = 2147483647;
			files = (
			);
			inputPaths = (
				"${PODS_PODFILE_DIR_PATH}/Podfile.lock",
				"${PODS_ROOT}/Manifest.lock",
			);
			name = "[CP] Check Pods Manifest.lock";
			outputPaths = (
				"$(DERIVED_FILE_DIR)/Pods-JournalTests-checkManifestLockResult.txt",
			);
			runOnlyForDeploymentPostprocessing = 0;
			shellPath = /bin/sh;
			shellScript = "diff \"${PODS_PODFILE_DIR_PATH}/Podfile.lock\" \"${PODS_ROOT}/Manifest.lock\" > /dev/null\nif [ $? != 0 ] ; then\n    # print error to STDERR\n    echo \"error: The sandbox is not in sync with the Podfile.lock. Run 'pod install' or update your CocoaPods installation.\" >&2\n    exit 1\nfi\n# This output is used by Xcode 'outputs' to avoid re-running this script phase.\necho \"SUCCESS\" > \"${SCRIPT_OUTPUT_FILE_0}\"\n";
			showEnvVarsInLog = 0;
		};
		C55335189B5CE5FFEB70B9A4 /* [CP] Embed Pods Frameworks */ = {
			isa = PBXShellScriptBuildPhase;
			buildActionMask = 2147483647;
			files = (
			);
			inputPaths = (
				"${SRCROOT}/Pods/Target Support Files/Pods-JournalTests/Pods-JournalTests-frameworks.sh",
				"${BUILT_PRODUCTS_DIR}/Nimble/Nimble.framework",
			);
			name = "[CP] Embed Pods Frameworks";
			outputPaths = (
				"${TARGET_BUILD_DIR}/${FRAMEWORKS_FOLDER_PATH}/Nimble.framework",
			);
			runOnlyForDeploymentPostprocessing = 0;
			shellPath = /bin/sh;
			shellScript = "\"${SRCROOT}/Pods/Target Support Files/Pods-JournalTests/Pods-JournalTests-frameworks.sh\"\n";
			showEnvVarsInLog = 0;
		};
/* End PBXShellScriptBuildPhase section */

/* Begin PBXSourcesBuildPhase section */
		6BB147AF2102F18100AB2D24 /* Sources */ = {
			isa = PBXSourcesBuildPhase;
			buildActionMask = 2147483647;
			files = (
				6BB1483D210C4B8A00AB2D24 /* Entry.swift in Sources */,
				6BEB3B04211540B10089DCEA /* Identifiable.swift in Sources */,
				6BEB3A79210F19ED0089DCEA /* Journal.swift in Sources */,
				6BB147B92102F18100AB2D24 /* ViewController.swift in Sources */,
				6BB147B72102F18100AB2D24 /* AppDelegate.swift in Sources */,
				6BB1483F210C521B00AB2D24 /* InMemoryJournal.swift in Sources */,
			);
			runOnlyForDeploymentPostprocessing = 0;
		};
		6BB14840210C57DD00AB2D24 /* Sources */ = {
			isa = PBXSourcesBuildPhase;
			buildActionMask = 2147483647;
			files = (
				6BB14847210C57DD00AB2D24 /* JournalTests.swift in Sources */,
			);
			runOnlyForDeploymentPostprocessing = 0;
		};
/* End PBXSourcesBuildPhase section */

/* Begin PBXTargetDependency section */
		6BB1484A210C57DD00AB2D24 /* PBXTargetDependency */ = {
			isa = PBXTargetDependency;
			target = 6BB147B22102F18100AB2D24 /* Journal */;
			targetProxy = 6BB14849210C57DD00AB2D24 /* PBXContainerItemProxy */;
		};
/* End PBXTargetDependency section */

/* Begin PBXVariantGroup section */
		6BB147BA2102F18100AB2D24 /* Main.storyboard */ = {
			isa = PBXVariantGroup;
			children = (
				6BB147BB2102F18100AB2D24 /* Base */,
			);
			name = Main.storyboard;
			sourceTree = "<group>";
		};
		6BB147BF2102F18200AB2D24 /* LaunchScreen.storyboard */ = {
			isa = PBXVariantGroup;
			children = (
				6BB147C02102F18200AB2D24 /* Base */,
			);
			name = LaunchScreen.storyboard;
			sourceTree = "<group>";
		};
/* End PBXVariantGroup section */

/* Begin XCBuildConfiguration section */
		6BB147C32102F18200AB2D24 /* Debug */ = {
			isa = XCBuildConfiguration;
			buildSettings = {
				ALWAYS_SEARCH_USER_PATHS = NO;
				CLANG_ANALYZER_NONNULL = YES;
				CLANG_ANALYZER_NUMBER_OBJECT_CONVERSION = YES_AGGRESSIVE;
				CLANG_CXX_LANGUAGE_STANDARD = "gnu++14";
				CLANG_CXX_LIBRARY = "libc++";
				CLANG_ENABLE_MODULES = YES;
				CLANG_ENABLE_OBJC_ARC = YES;
				CLANG_ENABLE_OBJC_WEAK = YES;
				CLANG_WARN_BLOCK_CAPTURE_AUTORELEASING = YES;
				CLANG_WARN_BOOL_CONVERSION = YES;
				CLANG_WARN_COMMA = YES;
				CLANG_WARN_CONSTANT_CONVERSION = YES;
				CLANG_WARN_DEPRECATED_OBJC_IMPLEMENTATIONS = YES;
				CLANG_WARN_DIRECT_OBJC_ISA_USAGE = YES_ERROR;
				CLANG_WARN_DOCUMENTATION_COMMENTS = YES;
				CLANG_WARN_EMPTY_BODY = YES;
				CLANG_WARN_ENUM_CONVERSION = YES;
				CLANG_WARN_INFINITE_RECURSION = YES;
				CLANG_WARN_INT_CONVERSION = YES;
				CLANG_WARN_NON_LITERAL_NULL_CONVERSION = YES;
				CLANG_WARN_OBJC_IMPLICIT_RETAIN_SELF = YES;
				CLANG_WARN_OBJC_LITERAL_CONVERSION = YES;
				CLANG_WARN_OBJC_ROOT_CLASS = YES_ERROR;
				CLANG_WARN_RANGE_LOOP_ANALYSIS = YES;
				CLANG_WARN_STRICT_PROTOTYPES = YES;
				CLANG_WARN_SUSPICIOUS_MOVE = YES;
				CLANG_WARN_UNGUARDED_AVAILABILITY = YES_AGGRESSIVE;
				CLANG_WARN_UNREACHABLE_CODE = YES;
				CLANG_WARN__DUPLICATE_METHOD_MATCH = YES;
				CODE_SIGN_IDENTITY = "iPhone Developer";
				COPY_PHASE_STRIP = NO;
				DEBUG_INFORMATION_FORMAT = dwarf;
				ENABLE_STRICT_OBJC_MSGSEND = YES;
				ENABLE_TESTABILITY = YES;
				GCC_C_LANGUAGE_STANDARD = gnu11;
				GCC_DYNAMIC_NO_PIC = NO;
				GCC_NO_COMMON_BLOCKS = YES;
				GCC_OPTIMIZATION_LEVEL = 0;
				GCC_PREPROCESSOR_DEFINITIONS = (
					"DEBUG=1",
					"$(inherited)",
				);
				GCC_WARN_64_TO_32_BIT_CONVERSION = YES;
				GCC_WARN_ABOUT_RETURN_TYPE = YES_ERROR;
				GCC_WARN_UNDECLARED_SELECTOR = YES;
				GCC_WARN_UNINITIALIZED_AUTOS = YES_AGGRESSIVE;
				GCC_WARN_UNUSED_FUNCTION = YES;
				GCC_WARN_UNUSED_VARIABLE = YES;
				IPHONEOS_DEPLOYMENT_TARGET = 11.4;
				MTL_ENABLE_DEBUG_INFO = YES;
				ONLY_ACTIVE_ARCH = YES;
				SDKROOT = iphoneos;
				SWIFT_ACTIVE_COMPILATION_CONDITIONS = DEBUG;
				SWIFT_OPTIMIZATION_LEVEL = "-Onone";
			};
			name = Debug;
		};
		6BB147C42102F18200AB2D24 /* Release */ = {
			isa = XCBuildConfiguration;
			buildSettings = {
				ALWAYS_SEARCH_USER_PATHS = NO;
				CLANG_ANALYZER_NONNULL = YES;
				CLANG_ANALYZER_NUMBER_OBJECT_CONVERSION = YES_AGGRESSIVE;
				CLANG_CXX_LANGUAGE_STANDARD = "gnu++14";
				CLANG_CXX_LIBRARY = "libc++";
				CLANG_ENABLE_MODULES = YES;
				CLANG_ENABLE_OBJC_ARC = YES;
				CLANG_ENABLE_OBJC_WEAK = YES;
				CLANG_WARN_BLOCK_CAPTURE_AUTORELEASING = YES;
				CLANG_WARN_BOOL_CONVERSION = YES;
				CLANG_WARN_COMMA = YES;
				CLANG_WARN_CONSTANT_CONVERSION = YES;
				CLANG_WARN_DEPRECATED_OBJC_IMPLEMENTATIONS = YES;
				CLANG_WARN_DIRECT_OBJC_ISA_USAGE = YES_ERROR;
				CLANG_WARN_DOCUMENTATION_COMMENTS = YES;
				CLANG_WARN_EMPTY_BODY = YES;
				CLANG_WARN_ENUM_CONVERSION = YES;
				CLANG_WARN_INFINITE_RECURSION = YES;
				CLANG_WARN_INT_CONVERSION = YES;
				CLANG_WARN_NON_LITERAL_NULL_CONVERSION = YES;
				CLANG_WARN_OBJC_IMPLICIT_RETAIN_SELF = YES;
				CLANG_WARN_OBJC_LITERAL_CONVERSION = YES;
				CLANG_WARN_OBJC_ROOT_CLASS = YES_ERROR;
				CLANG_WARN_RANGE_LOOP_ANALYSIS = YES;
				CLANG_WARN_STRICT_PROTOTYPES = YES;
				CLANG_WARN_SUSPICIOUS_MOVE = YES;
				CLANG_WARN_UNGUARDED_AVAILABILITY = YES_AGGRESSIVE;
				CLANG_WARN_UNREACHABLE_CODE = YES;
				CLANG_WARN__DUPLICATE_METHOD_MATCH = YES;
				CODE_SIGN_IDENTITY = "iPhone Developer";
				COPY_PHASE_STRIP = NO;
				DEBUG_INFORMATION_FORMAT = "dwarf-with-dsym";
				ENABLE_NS_ASSERTIONS = NO;
				ENABLE_STRICT_OBJC_MSGSEND = YES;
				GCC_C_LANGUAGE_STANDARD = gnu11;
				GCC_NO_COMMON_BLOCKS = YES;
				GCC_WARN_64_TO_32_BIT_CONVERSION = YES;
				GCC_WARN_ABOUT_RETURN_TYPE = YES_ERROR;
				GCC_WARN_UNDECLARED_SELECTOR = YES;
				GCC_WARN_UNINITIALIZED_AUTOS = YES_AGGRESSIVE;
				GCC_WARN_UNUSED_FUNCTION = YES;
				GCC_WARN_UNUSED_VARIABLE = YES;
				IPHONEOS_DEPLOYMENT_TARGET = 11.4;
				MTL_ENABLE_DEBUG_INFO = NO;
				SDKROOT = iphoneos;
				SWIFT_COMPILATION_MODE = wholemodule;
				SWIFT_OPTIMIZATION_LEVEL = "-O";
				VALIDATE_PRODUCT = YES;
			};
			name = Release;
		};
		6BB147C62102F18200AB2D24 /* Debug */ = {
			isa = XCBuildConfiguration;
			baseConfigurationReference = 99A0BA152B0C3EFDF753A1EE /* Pods-Journal.debug.xcconfig */;
			buildSettings = {
				ASSETCATALOG_COMPILER_APPICON_NAME = AppIcon;
				CODE_SIGN_STYLE = Automatic;
				INFOPLIST_FILE = Journal/Resources/Info.plist;
				LD_RUNPATH_SEARCH_PATHS = (
					"$(inherited)",
					"@executable_path/Frameworks",
				);
				PRODUCT_BUNDLE_IDENTIFIER = lyuesia.brian264.Journal;
				PRODUCT_NAME = "$(TARGET_NAME)";
				SWIFT_VERSION = 4.0;
				TARGETED_DEVICE_FAMILY = "1,2";
			};
			name = Debug;
		};
		6BB147C72102F18200AB2D24 /* Release */ = {
			isa = XCBuildConfiguration;
			baseConfigurationReference = 7E246AB27394D68B9BA95768 /* Pods-Journal.release.xcconfig */;
			buildSettings = {
				ASSETCATALOG_COMPILER_APPICON_NAME = AppIcon;
				CODE_SIGN_STYLE = Automatic;
				INFOPLIST_FILE = Journal/Resources/Info.plist;
				LD_RUNPATH_SEARCH_PATHS = (
					"$(inherited)",
					"@executable_path/Frameworks",
				);
				PRODUCT_BUNDLE_IDENTIFIER = lyuesia.brian264.Journal;
				PRODUCT_NAME = "$(TARGET_NAME)";
				SWIFT_VERSION = 4.0;
				TARGETED_DEVICE_FAMILY = "1,2";
			};
			name = Release;
		};
		6BB1484C210C57DD00AB2D24 /* Debug */ = {
			isa = XCBuildConfiguration;
			baseConfigurationReference = 595175FD3AA7A6FD932F4249 /* Pods-JournalTests.debug.xcconfig */;
			buildSettings = {
				BUNDLE_LOADER = "$(TEST_HOST)";
				CODE_SIGN_STYLE = Automatic;
				INFOPLIST_FILE = JournalTests/Info.plist;
				LD_RUNPATH_SEARCH_PATHS = (
					"$(inherited)",
					"@executable_path/Frameworks",
					"@loader_path/Frameworks",
				);
				PRODUCT_BUNDLE_IDENTIFIER = lyuesia.brian264.JournalTests;
				PRODUCT_NAME = "$(TARGET_NAME)";
				SWIFT_VERSION = 4.0;
				TARGETED_DEVICE_FAMILY = "1,2";
				TEST_HOST = "$(BUILT_PRODUCTS_DIR)/Journal.app/Journal";
			};
			name = Debug;
		};
		6BB1484D210C57DD00AB2D24 /* Release */ = {
			isa = XCBuildConfiguration;
			baseConfigurationReference = E0DD2EADA9718BC76C371FE7 /* Pods-JournalTests.release.xcconfig */;
			buildSettings = {
				BUNDLE_LOADER = "$(TEST_HOST)";
				CODE_SIGN_STYLE = Automatic;
				INFOPLIST_FILE = JournalTests/Info.plist;
				LD_RUNPATH_SEARCH_PATHS = (
					"$(inherited)",
					"@executable_path/Frameworks",
					"@loader_path/Frameworks",
				);
				PRODUCT_BUNDLE_IDENTIFIER = lyuesia.brian264.JournalTests;
				PRODUCT_NAME = "$(TARGET_NAME)";
				SWIFT_VERSION = 4.0;
				TARGETED_DEVICE_FAMILY = "1,2";
				TEST_HOST = "$(BUILT_PRODUCTS_DIR)/Journal.app/Journal";
			};
			name = Release;
		};
/* End XCBuildConfiguration section */

/* Begin XCConfigurationList section */
		6BB147AE2102F18100AB2D24 /* Build configuration list for PBXProject "Journal" */ = {
			isa = XCConfigurationList;
			buildConfigurations = (
				6BB147C32102F18200AB2D24 /* Debug */,
				6BB147C42102F18200AB2D24 /* Release */,
			);
			defaultConfigurationIsVisible = 0;
			defaultConfigurationName = Release;
		};
		6BB147C52102F18200AB2D24 /* Build configuration list for PBXNativeTarget "Journal" */ = {
			isa = XCConfigurationList;
			buildConfigurations = (
				6BB147C62102F18200AB2D24 /* Debug */,
				6BB147C72102F18200AB2D24 /* Release */,
			);
			defaultConfigurationIsVisible = 0;
			defaultConfigurationName = Release;
		};
		6BB1484B210C57DD00AB2D24 /* Build configuration list for PBXNativeTarget "JournalTests" */ = {
			isa = XCConfigurationList;
			buildConfigurations = (
				6BB1484C210C57DD00AB2D24 /* Debug */,
				6BB1484D210C57DD00AB2D24 /* Release */,
			);
			defaultConfigurationIsVisible = 0;
			defaultConfigurationName = Release;
		};
/* End XCConfigurationList section */
	};
	rootObject = 6BB147AB2102F18100AB2D24 /* Project object */;
}
